
Microsoft Visual Studio Solution File, Format Version 12.00
# Visual Studio Version 17
VisualStudioVersion = 17.3.32929.385
MinimumVisualStudioVersion = 10.0.40219.1
Project("{FAE04EC0-301F-11D3-BF4B-00C04F79EFBC}") = "Calendar_App", "Calendar_App\Calendar_App.csproj", "{14A37F10-7175-4439-80D6-80BF1D9B724B}"
EndProject
Global
	GlobalSection(SolutionConfigurationPlatforms) = preSolution
		Debug|Any CPU = Debug|Any CPU
		Release|Any CPU = Release|Any CPU
	EndGlobalSection
	GlobalSection(ProjectConfigurationPlatforms) = postSolution
		{14A37F10-7175-4439-80D6-80BF1D9B724B}.Debug|Any CPU.ActiveCfg = Debug|Any CPU
		{14A37F10-7175-4439-80D6-80BF1D9B724B}.Debug|Any CPU.Build.0 = Debug|Any CPU
		{14A37F10-7175-4439-80D6-80BF1D9B724B}.Release|Any CPU.ActiveCfg = Release|Any CPU
		{14A37F10-7175-4439-80D6-80BF1D9B724B}.Release|Any CPU.Build.0 = Release|Any CPU
	EndGlobalSection
	GlobalSection(SolutionProperties) = preSolution
		HideSolutionNode = FALSE
	EndGlobalSection
	GlobalSection(ExtensibilityGlobals) = postSolution
		SolutionGuid = {2395162D-BFFA-4153-B892-A7B83CA8ABC5}
	EndGlobalSection
EndGlobal
